
Microsoft Visual Studio Solution File, Format Version 12.00
# Visual Studio Version 17
VisualStudioVersion = 17.3.32929.385
MinimumVisualStudioVersion = 10.0.40219.1
Project("{FAE04EC0-301F-11D3-BF4B-00C04F79EFBC}") = "clothes_backend", "clothes_backend.csproj", "{3B64ECA6-EC2C-4298-9C88-797696892911}"
EndProject
Global
	GlobalSection(SolutionConfigurationPlatforms) = preSolution
		Debug|Any CPU = Debug|Any CPU
		Release|Any CPU = Release|Any CPU
	EndGlobalSection
	GlobalSection(ProjectConfigurationPlatforms) = postSolution
		{3B64ECA6-EC2C-4298-9C88-797696892911}.Debug|Any CPU.ActiveCfg = Debug|Any CPU
		{3B64ECA6-EC2C-4298-9C88-797696892911}.Debug|Any CPU.Build.0 = Debug|Any CPU
		{3B64ECA6-EC2C-4298-9C88-797696892911}.Release|Any CPU.ActiveCfg = Release|Any CPU
		{3B64ECA6-EC2C-4298-9C88-797696892911}.Release|Any CPU.Build.0 = Release|Any CPU
	EndGlobalSection
	GlobalSection(SolutionProperties) = preSolution
		HideSolutionNode = FALSE
	EndGlobalSection
	GlobalSection(ExtensibilityGlobals) = postSolution
		SolutionGuid = {496F412D-5AED-462C-B063-4587F72276A2}
	EndGlobalSection
EndGlobal
